
Microsoft Visual Studio Solution File, Format Version 12.00
# Visual Studio Version 16
VisualStudioVersion = 16.0.29326.143
MinimumVisualStudioVersion = 10.0.40219.1
Project("{9A19103F-16F7-4668-BE54-9A1E7A4F7556}") = "Checkout.PaymentGateway.Api", "Checkout.PaymentGateway.Api\Checkout.PaymentGateway.Api.csproj", "{9522A78C-D89E-4F39-AFD1-522A468B61F8}"
EndProject
Project("{9A19103F-16F7-4668-BE54-9A1E7A4F7556}") = "Checkout.PaymentGateway.Api.Tests", "Checkout.PaymentGateway.Api.Tests\Checkout.PaymentGateway.Api.Tests.csproj", "{6C7055EA-1C64-48CB-97FC-3F11A2799461}"
EndProject
Global
	GlobalSection(SolutionConfigurationPlatforms) = preSolution
		Debug|Any CPU = Debug|Any CPU
		Release|Any CPU = Release|Any CPU
	EndGlobalSection
	GlobalSection(ProjectConfigurationPlatforms) = postSolution
		{9522A78C-D89E-4F39-AFD1-522A468B61F8}.Debug|Any CPU.ActiveCfg = Debug|Any CPU
		{9522A78C-D89E-4F39-AFD1-522A468B61F8}.Debug|Any CPU.Build.0 = Debug|Any CPU
		{9522A78C-D89E-4F39-AFD1-522A468B61F8}.Release|Any CPU.ActiveCfg = Release|Any CPU
		{9522A78C-D89E-4F39-AFD1-522A468B61F8}.Release|Any CPU.Build.0 = Release|Any CPU
		{6C7055EA-1C64-48CB-97FC-3F11A2799461}.Debug|Any CPU.ActiveCfg = Debug|Any CPU
		{6C7055EA-1C64-48CB-97FC-3F11A2799461}.Debug|Any CPU.Build.0 = Debug|Any CPU
		{6C7055EA-1C64-48CB-97FC-3F11A2799461}.Release|Any CPU.ActiveCfg = Release|Any CPU
		{6C7055EA-1C64-48CB-97FC-3F11A2799461}.Release|Any CPU.Build.0 = Release|Any CPU
	EndGlobalSection
	GlobalSection(SolutionProperties) = preSolution
		HideSolutionNode = FALSE
	EndGlobalSection
	GlobalSection(ExtensibilityGlobals) = postSolution
		SolutionGuid = {DDAD24FD-DB5C-4347-9072-FFC00E06DE0D}
	EndGlobalSection
EndGlobal
